Microsoft Visual Studio Solution File, Format Version 12.00
# Visual Studio 15
VisualStudioVersion = 15.0.28010.2046
MinimumVisualStudioVersion = 10.0.40219.1
Project("{FAE04EC0-301F-11D3-BF4B-00C04F79EFBC}") = "SoulslismCSharp", "SoulslismCSharp.csproj", "{B5FAF2F4-1CDA-4DD6-9F25-C4CE5C8DB56E}"
EndProject
Project("{FAE04EC0-301F-11D3-BF4B-00C04F79EFBC}") = "UnitTestProject1", "UnitTestProject1\UnitTestProject1.csproj", "{9B96D1FE-8D4B-443D-B15E-EA4F3DB16EE5}"
EndProject
Global
	GlobalSection(SolutionConfigurationPlatforms) = preSolution
		Debug|Any CPU = Debug|Any CPU
		Release|Any CPU = Release|Any CPU
		Tools|Any CPU = Tools|Any CPU
	EndGlobalSection
	GlobalSection(ProjectConfigurationPlatforms) = postSolution
		{B5FAF2F4-1CDA-4DD6-9F25-C4CE5C8DB56E}.Debug|Any CPU.ActiveCfg = Debug|Any CPU
		{B5FAF2F4-1CDA-4DD6-9F25-C4CE5C8DB56E}.Debug|Any CPU.Build.0 = Debug|Any CPU
		{B5FAF2F4-1CDA-4DD6-9F25-C4CE5C8DB56E}.Release|Any CPU.ActiveCfg = Release|Any CPU
		{B5FAF2F4-1CDA-4DD6-9F25-C4CE5C8DB56E}.Release|Any CPU.Build.0 = Release|Any CPU
		{B5FAF2F4-1CDA-4DD6-9F25-C4CE5C8DB56E}.Tools|Any CPU.ActiveCfg = Tools|Any CPU
		{B5FAF2F4-1CDA-4DD6-9F25-C4CE5C8DB56E}.Tools|Any CPU.Build.0 = Tools|Any CPU
		{9B96D1FE-8D4B-443D-B15E-EA4F3DB16EE5}.Debug|Any CPU.ActiveCfg = Debug|Any CPU
		{9B96D1FE-8D4B-443D-B15E-EA4F3DB16EE5}.Debug|Any CPU.Build.0 = Debug|Any CPU
		{9B96D1FE-8D4B-443D-B15E-EA4F3DB16EE5}.Release|Any CPU.ActiveCfg = Release|Any CPU
		{9B96D1FE-8D4B-443D-B15E-EA4F3DB16EE5}.Release|Any CPU.Build.0 = Release|Any CPU
		{9B96D1FE-8D4B-443D-B15E-EA4F3DB16EE5}.Tools|Any CPU.ActiveCfg = Debug|Any CPU
		{9B96D1FE-8D4B-443D-B15E-EA4F3DB16EE5}.Tools|Any CPU.Build.0 = Debug|Any CPU
	EndGlobalSection
	GlobalSection(SolutionProperties) = preSolution
		HideSolutionNode = FALSE
	EndGlobalSection
	GlobalSection(ExtensibilityGlobals) = postSolution
		SolutionGuid = {ACC2E2AE-DA66-488C-AB18-BE0F85ADFE1F}
	EndGlobalSection
EndGlobal
