Microsoft Visual Studio Solution File, Format Version 12.00
# Visual Studio 2012
Project("{FAE04EC0-301F-11D3-BF4B-00C04F79EFBC}") = "Soulslism", "Soulslism.csproj", "{8F5C97F5-BC9C-4E01-9F49-E0B65258585F}"
EndProject
Global
	GlobalSection(SolutionConfigurationPlatforms) = preSolution
	Debug|Any CPU = Debug|Any CPU
	ExportDebug|Any CPU = ExportDebug|Any CPU
	ExportRelease|Any CPU = ExportRelease|Any CPU
	EndGlobalSection
	GlobalSection(ProjectConfigurationPlatforms) = postSolution
		{8F5C97F5-BC9C-4E01-9F49-E0B65258585F}.Debug|Any CPU.ActiveCfg = Debug|Any CPU
		{8F5C97F5-BC9C-4E01-9F49-E0B65258585F}.Debug|Any CPU.Build.0 = Debug|Any CPU
		{8F5C97F5-BC9C-4E01-9F49-E0B65258585F}.ExportDebug|Any CPU.ActiveCfg = ExportDebug|Any CPU
		{8F5C97F5-BC9C-4E01-9F49-E0B65258585F}.ExportDebug|Any CPU.Build.0 = ExportDebug|Any CPU
		{8F5C97F5-BC9C-4E01-9F49-E0B65258585F}.ExportRelease|Any CPU.ActiveCfg = ExportRelease|Any CPU
		{8F5C97F5-BC9C-4E01-9F49-E0B65258585F}.ExportRelease|Any CPU.Build.0 = ExportRelease|Any CPU
	EndGlobalSection
EndGlobal
